
Microsoft Visual Studio Solution File, Format Version 12.00
# Visual Studio Version 16
VisualStudioVersion = 16.0.28803.352
MinimumVisualStudioVersion = 10.0.40219.1
Project("{F184B08F-C81C-45F6-A57F-5ABD9991F28F}") = "ResturantManagementSystem", "ResturantManagementSystem.vbproj", "{0DC3C392-CB69-4C4D-A1C1-0F22146DEF6C}"
EndProject
Global
	GlobalSection(SolutionConfigurationPlatforms) = preSolution
		Debug|Any CPU = Debug|Any CPU
		Release|Any CPU = Release|Any CPU
	EndGlobalSection
	GlobalSection(ProjectConfigurationPlatforms) = postSolution
		{0DC3C392-CB69-4C4D-A1C1-0F22146DEF6C}.Debug|Any CPU.ActiveCfg = Debug|Any CPU
		{0DC3C392-CB69-4C4D-A1C1-0F22146DEF6C}.Debug|Any CPU.Build.0 = Debug|Any CPU
		{0DC3C392-CB69-4C4D-A1C1-0F22146DEF6C}.Release|Any CPU.ActiveCfg = Release|Any CPU
		{0DC3C392-CB69-4C4D-A1C1-0F22146DEF6C}.Release|Any CPU.Build.0 = Release|Any CPU
	EndGlobalSection
	GlobalSection(SolutionProperties) = preSolution
		HideSolutionNode = FALSE
	EndGlobalSection
	GlobalSection(ExtensibilityGlobals) = postSolution
		SolutionGuid = {AF0ABF27-FF64-4D3C-A673-6DE52A99E2D3}
	EndGlobalSection
EndGlobal
